// !$*UTF8*$!
{
	archiveVersion = 1;
	classes = {
	};
	objectVersion = 46;
	objects = {

/* Begin PBXBuildFile section */
		2C1390094C5AD401F3BE634D /* libPods.a in Frameworks */ = {isa = PBXBuildFile; fileRef = 5278E8CF6C3A8B948E014A50 /* libPods.a */; };
		412C35981BEDEDE30042EE13 /* main.m in Sources */ = {isa = PBXBuildFile; fileRef = 412C35971BEDEDE30042EE13 /* main.m */; };
		412C359B1BEDEDE30042EE13 /* AppDelegate.m in Sources */ = {isa = PBXBuildFile; fileRef = 412C359A1BEDEDE30042EE13 /* AppDelegate.m */; };
		412C35A11BEDEDE30042EE13 /* Main.storyboard in Resources */ = {isa = PBXBuildFile; fileRef = 412C359F1BEDEDE30042EE13 /* Main.storyboard */; };
		412C35A41BEDEDE30042EE13 /* Weather.xcdatamodeld in Sources */ = {isa = PBXBuildFile; fileRef = 412C35A21BEDEDE30042EE13 /* Weather.xcdatamodeld */; };
		412C35A61BEDEDE30042EE13 /* Assets.xcassets in Resources */ = {isa = PBXBuildFile; fileRef = 412C35A51BEDEDE30042EE13 /* Assets.xcassets */; };
		412C35A91BEDEDE30042EE13 /* LaunchScreen.storyboard in Resources */ = {isa = PBXBuildFile; fileRef = 412C35A71BEDEDE30042EE13 /* LaunchScreen.storyboard */; };
		412C35B51BEDF41A0042EE13 /* ProvinceViewController.m in Sources */ = {isa = PBXBuildFile; fileRef = 412C35B41BEDF41A0042EE13 /* ProvinceViewController.m */; };
		413E97F71BEE37DA00C1456A /* Error.xib in Resources */ = {isa = PBXBuildFile; fileRef = 413E97F61BEE37DA00C1456A /* Error.xib */; };
		413E97FA1BEE3FF400C1456A /* BaseTableViewController.m in Sources */ = {isa = PBXBuildFile; fileRef = 413E97F91BEE3FF400C1456A /* BaseTableViewController.m */; };
		41552FB51BF4BA2D00B639D9 /* libWeChatSDK.a in Frameworks */ = {isa = PBXBuildFile; fileRef = 41552FB21BF4BA2D00B639D9 /* libWeChatSDK.a */; };
		41552FB71BF4BA5C00B639D9 /* SystemConfiguration.framework in Frameworks */ = {isa = PBXBuildFile; fileRef = 41552FB61BF4BA5C00B639D9 /* SystemConfiguration.framework */; };
		41552FB91BF4BA8300B639D9 /* libsqlite3.0.tbd in Frameworks */ = {isa = PBXBuildFile; fileRef = 41552FB81BF4BA8300B639D9 /* libsqlite3.0.tbd */; };
		41552FBB1BF4BA9100B639D9 /* libc++.tbd in Frameworks */ = {isa = PBXBuildFile; fileRef = 41552FBA1BF4BA9100B639D9 /* libc++.tbd */; };
		41552FBD1BF4BAA000B639D9 /* libz.tbd in Frameworks */ = {isa = PBXBuildFile; fileRef = 41552FBC1BF4BAA000B639D9 /* libz.tbd */; };
		417021011BF744D5002E47D3 /* shareMediaView.xib in Resources */ = {isa = PBXBuildFile; fileRef = 417021001BF744D5002E47D3 /* shareMediaView.xib */; };
		418E4CBB1BEF1C94003409C9 /* CityViewController.m in Sources */ = {isa = PBXBuildFile; fileRef = 418E4CBA1BEF1C94003409C9 /* CityViewController.m */; };
		418E4CBE1BEF2CB0003409C9 /* CountyViewController.m in Sources */ = {isa = PBXBuildFile; fileRef = 418E4CBD1BEF2CB0003409C9 /* CountyViewController.m */; };
		418E4CC11BEF4198003409C9 /* WeatherViewController.m in Sources */ = {isa = PBXBuildFile; fileRef = 418E4CC01BEF4198003409C9 /* WeatherViewController.m */; };
		41F2730D1BF0C3F500A3577C /* Loading.xib in Resources */ = {isa = PBXBuildFile; fileRef = 41F2730C1BF0C3F500A3577C /* Loading.xib */; };
/* End PBXBuildFile section */

/* Begin PBXFileReference section */
		22915E77D11A679871D1AAC4 /* Pods.debug.xcconfig */ = {isa = PBXFileReference; includeInIndex = 1; lastKnownFileType = text.xcconfig; name = Pods.debug.xcconfig; path = "Pods/Target Support Files/Pods/Pods.debug.xcconfig"; sourceTree = "<group>"; };
		412C35931BEDEDE30042EE13 /* 天气2608.app */ = {isa = PBXFileReference; explicitFileType = wrapper.application; includeInIndex = 0; path = "天气2608.app"; sourceTree = BUILT_PRODUCTS_DIR; };
		412C35971BEDEDE30042EE13 /* main.m */ = {isa = PBXFileReference; lastKnownFileType = sourcecode.c.objc; path = main.m; sourceTree = "<group>"; };
		412C35991BEDEDE30042EE13 /* AppDelegate.h */ = {isa = PBXFileReference; lastKnownFileType = sourcecode.c.h; path = AppDelegate.h; sourceTree = "<group>"; };
		412C359A1BEDEDE30042EE13 /* AppDelegate.m */ = {isa = PBXFileReference; lastKnownFileType = sourcecode.c.objc; path = AppDelegate.m; sourceTree = "<group>"; };
		412C35A01BEDEDE30042EE13 /* Base */ = {isa = PBXFileReference; lastKnownFileType = file.storyboard; name = Base; path = Base.lproj/Main.storyboard; sourceTree = "<group>"; };
		412C35A31BEDEDE30042EE13 /* Weather.xcdatamodel */ = {isa = PBXFileReference; lastKnownFileType = wrapper.xcdatamodel; path = Weather.xcdatamodel; sourceTree = "<group>"; };
		412C35A51BEDEDE30042EE13 /* Assets.xcassets */ = {isa = PBXFileReference; lastKnownFileType = folder.assetcatalog; path = Assets.xcassets; sourceTree = "<group>"; };
		412C35A81BEDEDE30042EE13 /* Base */ = {isa = PBXFileReference; lastKnownFileType = file.storyboard; name = Base; path = Base.lproj/LaunchScreen.storyboard; sourceTree = "<group>"; };
		412C35AA1BEDEDE30042EE13 /* Info.plist */ = {isa = PBXFileReference; lastKnownFileType = text.plist.xml; path = Info.plist; sourceTree = "<group>"; };
		412C35B31BEDF41A0042EE13 /* ProvinceViewController.h */ = {isa = PBXFileReference; fileEncoding = 4; lastKnownFileType = sourcecode.c.h; path = ProvinceViewController.h; sourceTree = "<group>"; };
		412C35B41BEDF41A0042EE13 /* ProvinceViewController.m */ = {isa = PBXFileReference; fileEncoding = 4; lastKnownFileType = sourcecode.c.objc; path = ProvinceViewController.m; sourceTree = "<group>"; };
		413E97F61BEE37DA00C1456A /* Error.xib */ = {isa = PBXFileReference; fileEncoding = 4; lastKnownFileType = file.xib; path = Error.xib; sourceTree = "<group>"; };
		413E97F81BEE3FF400C1456A /* BaseTableViewController.h */ = {isa = PBXFileReference; fileEncoding = 4; lastKnownFileType = sourcecode.c.h; path = BaseTableViewController.h; sourceTree = "<group>"; };
		413E97F91BEE3FF400C1456A /* BaseTableViewController.m */ = {isa = PBXFileReference; fileEncoding = 4; lastKnownFileType = sourcecode.c.objc; path = BaseTableViewController.m; sourceTree = "<group>"; };
		41552FB21BF4BA2D00B639D9 /* libWeChatSDK.a */ = {isa = PBXFileReference; lastKnownFileType = archive.ar; path = libWeChatSDK.a; sourceTree = "<group>"; };
		41552FB31BF4BA2D00B639D9 /* WXApi.h */ = {isa = PBXFileReference; fileEncoding = 4; lastKnownFileType = sourcecode.c.h; path = WXApi.h; sourceTree = "<group>"; };
		41552FB41BF4BA2D00B639D9 /* WXApiObject.h */ = {isa = PBXFileReference; fileEncoding = 4; lastKnownFileType = sourcecode.c.h; path = WXApiObject.h; sourceTree = "<group>"; };
		41552FB61BF4BA5C00B639D9 /* SystemConfiguration.framework */ = {isa = PBXFileReference; lastKnownFileType = wrapper.framework; name = SystemConfiguration.framework; path = System/Library/Frameworks/SystemConfiguration.framework; sourceTree = SDKROOT; };
		41552FB81BF4BA8300B639D9 /* libsqlite3.0.tbd */ = {isa = PBXFileReference; lastKnownFileType = "sourcecode.text-based-dylib-definition"; name = libsqlite3.0.tbd; path = usr/lib/libsqlite3.0.tbd; sourceTree = SDKROOT; };
		41552FBA1BF4BA9100B639D9 /* libc++.tbd */ = {isa = PBXFileReference; lastKnownFileType = "sourcecode.text-based-dylib-definition"; name = "libc++.tbd"; path = "usr/lib/libc++.tbd"; sourceTree = SDKROOT; };
		41552FBC1BF4BAA000B639D9 /* libz.tbd */ = {isa = PBXFileReference; lastKnownFileType = "sourcecode.text-based-dylib-definition"; name = libz.tbd; path = usr/lib/libz.tbd; sourceTree = SDKROOT; };
		417021001BF744D5002E47D3 /* shareMediaView.xib */ = {isa = PBXFileReference; fileEncoding = 4; lastKnownFileType = file.xib; path = shareMediaView.xib; sourceTree = "<group>"; };
		418E4CB91BEF1C94003409C9 /* CityViewController.h */ = {isa = PBXFileReference; fileEncoding = 4; lastKnownFileType = sourcecode.c.h; path = CityViewController.h; sourceTree = "<group>"; };
		418E4CBA1BEF1C94003409C9 /* CityViewController.m */ = {isa = PBXFileReference; fileEncoding = 4; lastKnownFileType = sourcecode.c.objc; path = CityViewController.m; sourceTree = "<group>"; };
		418E4CBC1BEF2CB0003409C9 /* CountyViewController.h */ = {isa = PBXFileReference; fileEncoding = 4; lastKnownFileType = sourcecode.c.h; path = CountyViewController.h; sourceTree = "<group>"; };
		418E4CBD1BEF2CB0003409C9 /* CountyViewController.m */ = {isa = PBXFileReference; fileEncoding = 4; lastKnownFileType = sourcecode.c.objc; path = CountyViewController.m; sourceTree = "<group>"; };
		418E4CBF1BEF4198003409C9 /* WeatherViewController.h */ = {isa = PBXFileReference; fileEncoding = 4; lastKnownFileType = sourcecode.c.h; path = WeatherViewController.h; sourceTree = "<group>"; };
		418E4CC01BEF4198003409C9 /* WeatherViewController.m */ = {isa = PBXFileReference; fileEncoding = 4; lastKnownFileType = sourcecode.c.objc; path = WeatherViewController.m; sourceTree = "<group>"; };
		41F2730C1BF0C3F500A3577C /* Loading.xib */ = {isa = PBXFileReference; fileEncoding = 4; lastKnownFileType = file.xib; path = Loading.xib; sourceTree = "<group>"; };
		5278E8CF6C3A8B948E014A50 /* libPods.a */ = {isa = PBXFileReference; explicitFileType = archive.ar; includeInIndex = 0; path = libPods.a; sourceTree = BUILT_PRODUCTS_DIR; };
		ECD0D72DE5298A659914BB46 /* Pods.release.xcconfig */ = {isa = PBXFileReference; includeInIndex = 1; lastKnownFileType = text.xcconfig; name = Pods.release.xcconfig; path = "Pods/Target Support Files/Pods/Pods.release.xcconfig"; sourceTree = "<group>"; };
/* End PBXFileReference section */

/* Begin PBXFrameworksBuildPhase section */
		412C35901BEDEDE30042EE13 /* Frameworks */ = {
			isa = PBXFrameworksBuildPhase;
			buildActionMask = 2147483647;
			files = (
				41552FBD1BF4BAA000B639D9 /* libz.tbd in Frameworks */,
				41552FBB1BF4BA9100B639D9 /* libc++.tbd in Frameworks */,
				41552FB91BF4BA8300B639D9 /* libsqlite3.0.tbd in Frameworks */,
				41552FB71BF4BA5C00B639D9 /* SystemConfiguration.framework in Frameworks */,
				41552FB51BF4BA2D00B639D9 /* libWeChatSDK.a in Frameworks */,
				2C1390094C5AD401F3BE634D /* libPods.a in Frameworks */,
			);
			runOnlyForDeploymentPostprocessing = 0;
		};
/* End PBXFrameworksBuildPhase section */

/* Begin PBXGroup section */
		412C358A1BEDEDE30042EE13 = {
			isa = PBXGroup;
			children = (
				412C35951BEDEDE30042EE13 /* Weather */,
				412C35941BEDEDE30042EE13 /* Products */,
				80143DE0D0D41C477DC5522C /* Pods */,
				C2EA5793C487C27AB6266031 /* Frameworks */,
			);
			sourceTree = "<group>";
		};
		412C35941BEDEDE30042EE13 /* Products */ = {
			isa = PBXGroup;
			children = (
				412C35931BEDEDE30042EE13 /* 天气2608.app */,
			);
			name = Products;
			sourceTree = "<group>";
		};
		412C35951BEDEDE30042EE13 /* Weather */ = {
			isa = PBXGroup;
			children = (
				412C35991BEDEDE30042EE13 /* AppDelegate.h */,
				412C359A1BEDEDE30042EE13 /* AppDelegate.m */,
				41552FB11BF4B93B00B639D9 /* WXApi */,
				413E97F51BEE364100C1456A /* Model */,
				413E97F31BEE35E500C1456A /* View */,
				413E97F41BEE360600C1456A /* Controller */,
				412C35A51BEDEDE30042EE13 /* Assets.xcassets */,
				412C35AA1BEDEDE30042EE13 /* Info.plist */,
				412C35961BEDEDE30042EE13 /* Supporting Files */,
			);
			path = Weather;
			sourceTree = "<group>";
		};
		412C35961BEDEDE30042EE13 /* Supporting Files */ = {
			isa = PBXGroup;
			children = (
				412C35971BEDEDE30042EE13 /* main.m */,
			);
			name = "Supporting Files";
			sourceTree = "<group>";
		};
		413E97F31BEE35E500C1456A /* View */ = {
			isa = PBXGroup;
			children = (
				413E97F61BEE37DA00C1456A /* Error.xib */,
				41F2730C1BF0C3F500A3577C /* Loading.xib */,
				412C359F1BEDEDE30042EE13 /* Main.storyboard */,
				412C35A71BEDEDE30042EE13 /* LaunchScreen.storyboard */,
				417021001BF744D5002E47D3 /* shareMediaView.xib */,
			);
			name = View;
			sourceTree = "<group>";
		};
		413E97F41BEE360600C1456A /* Controller */ = {
			isa = PBXGroup;
			children = (
				412C35B31BEDF41A0042EE13 /* ProvinceViewController.h */,
				412C35B41BEDF41A0042EE13 /* ProvinceViewController.m */,
				413E97F81BEE3FF400C1456A /* BaseTableViewController.h */,
				413E97F91BEE3FF400C1456A /* BaseTableViewController.m */,
				418E4CB91BEF1C94003409C9 /* CityViewController.h */,
				418E4CBC1BEF2CB0003409C9 /* CountyViewController.h */,
				418E4CBD1BEF2CB0003409C9 /* CountyViewController.m */,
				418E4CBA1BEF1C94003409C9 /* CityViewController.m */,
				418E4CBF1BEF4198003409C9 /* WeatherViewController.h */,
				418E4CC01BEF4198003409C9 /* WeatherViewController.m */,
			);
			name = Controller;
			sourceTree = "<group>";
		};
		413E97F51BEE364100C1456A /* Model */ = {
			isa = PBXGroup;
			children = (
				412C35A21BEDEDE30042EE13 /* Weather.xcdatamodeld */,
			);
			name = Model;
			sourceTree = "<group>";
		};
		41552FB11BF4B93B00B639D9 /* WXApi */ = {
			isa = PBXGroup;
			children = (
				41552FB21BF4BA2D00B639D9 /* libWeChatSDK.a */,
				41552FB31BF4BA2D00B639D9 /* WXApi.h */,
				41552FB41BF4BA2D00B639D9 /* WXApiObject.h */,
			);
			name = WXApi;
			sourceTree = "<group>";
		};
		80143DE0D0D41C477DC5522C /* Pods */ = {
			isa = PBXGroup;
			children = (
				22915E77D11A679871D1AAC4 /* Pods.debug.xcconfig */,
				ECD0D72DE5298A659914BB46 /* Pods.release.xcconfig */,
			);
			name = Pods;
			sourceTree = "<group>";
		};
		C2EA5793C487C27AB6266031 /* Frameworks */ = {
			isa = PBXGroup;
			children = (
				41552FBC1BF4BAA000B639D9 /* libz.tbd */,
				41552FBA1BF4BA9100B639D9 /* libc++.tbd */,
				41552FB81BF4BA8300B639D9 /* libsqlite3.0.tbd */,
				41552FB61BF4BA5C00B639D9 /* SystemConfiguration.framework */,
				5278E8CF6C3A8B948E014A50 /* libPods.a */,
			);
			name = Frameworks;
			sourceTree = "<group>";
		};
/* End PBXGroup section */

/* Begin PBXNativeTarget section */
		412C35921BEDEDE30042EE13 /* Weather */ = {
			isa = PBXNativeTarget;
			buildConfigurationList = 412C35AD1BEDEDE30042EE13 /* Build configuration list for PBXNativeTarget "Weather" */;
			buildPhases = (
				39BD4A1740E44F8804E1A13F /* Check Pods Manifest.lock */,
				412C358F1BEDEDE30042EE13 /* Sources */,
				412C35901BEDEDE30042EE13 /* Frameworks */,
				412C35911BEDEDE30042EE13 /* Resources */,
				47B2D9C2E687C9F241E25576 /* Embed Pods Frameworks */,
				254C61997A04F2FBAE2AB95F /* Copy Pods Resources */,
			);
			buildRules = (
			);
			dependencies = (
			);
			name = Weather;
			productName = Weather;
			productReference = 412C35931BEDEDE30042EE13 /* 天气2608.app */;
			productType = "com.apple.product-type.application";
		};
/* End PBXNativeTarget section */

/* Begin PBXProject section */
		412C358B1BEDEDE30042EE13 /* Project object */ = {
			isa = PBXProject;
			attributes = {
				LastUpgradeCheck = 0710;
				ORGANIZATIONNAME = qiu;
				TargetAttributes = {
					412C35921BEDEDE30042EE13 = {
						CreatedOnToolsVersion = 7.1;
						DevelopmentTeam = 23M8QF8J4R;
					};
				};
			};
			buildConfigurationList = 412C358E1BEDEDE30042EE13 /* Build configuration list for PBXProject "Weather" */;
			compatibilityVersion = "Xcode 3.2";
			developmentRegion = English;
			hasScannedForEncodings = 0;
			knownRegions = (
				en,
				Base,
			);
			mainGroup = 412C358A1BEDEDE30042EE13;
			productRefGroup = 412C35941BEDEDE30042EE13 /* Products */;
			projectDirPath = "";
			projectRoot = "";
			targets = (
				412C35921BEDEDE30042EE13 /* Weather */,
			);
		};
/* End PBXProject section */

/* Begin PBXResourcesBuildPhase section */
		412C35911BEDEDE30042EE13 /* Resources */ = {
			isa = PBXResourcesBuildPhase;
			buildActionMask = 2147483647;
			files = (
				417021011BF744D5002E47D3 /* shareMediaView.xib in Resources */,
				412C35A91BEDEDE30042EE13 /* LaunchScreen.storyboard in Resources */,
				412C35A61BEDEDE30042EE13 /* Assets.xcassets in Resources */,
				412C35A11BEDEDE30042EE13 /* Main.storyboard in Resources */,
				41F2730D1BF0C3F500A3577C /* Loading.xib in Resources */,
				413E97F71BEE37DA00C1456A /* Error.xib in Resources */,
			);
			runOnlyForDeploymentPostprocessing = 0;
		};
/* End PBXResourcesBuildPhase section */

/* Begin PBXShellScriptBuildPhase section */
		254C61997A04F2FBAE2AB95F /* Copy Pods Resources */ = {
			isa = PBXShellScriptBuildPhase;
			buildActionMask = 2147483647;
			files = (
			);
			inputPaths = (
			);
			name = "Copy Pods Resources";
			outputPaths = (
			);
			runOnlyForDeploymentPostprocessing = 0;
			shellPath = /bin/sh;
			shellScript = "\"${SRCROOT}/Pods/Target Support Files/Pods/Pods-resources.sh\"\n";
			showEnvVarsInLog = 0;
		};
		39BD4A1740E44F8804E1A13F /* Check Pods Manifest.lock */ = {
			isa = PBXShellScriptBuildPhase;
			buildActionMask = 2147483647;
			files = (
			);
			inputPaths = (
			);
			name = "Check Pods Manifest.lock";
			outputPaths = (
			);
			runOnlyForDeploymentPostprocessing = 0;
			shellPath = /bin/sh;
			shellScript = "diff \"${PODS_ROOT}/../Podfile.lock\" \"${PODS_ROOT}/Manifest.lock\" > /dev/null\nif [[ $? != 0 ]] ; then\n    cat << EOM\nerror: The sandbox is not in sync with the Podfile.lock. Run 'pod install' or update your CocoaPods installation.\nEOM\n    exit 1\nfi\n";
			showEnvVarsInLog = 0;
		};
		47B2D9C2E687C9F241E25576 /* Embed Pods Frameworks */ = {
			isa = PBXShellScriptBuildPhase;
			buildActionMask = 2147483647;
			files = (
			);
			inputPaths = (
			);
			name = "Embed Pods Frameworks";
			outputPaths = (
			);
			runOnlyForDeploymentPostprocessing = 0;
			shellPath = /bin/sh;
			shellScript = "\"${SRCROOT}/Pods/Target Support Files/Pods/Pods-frameworks.sh\"\n";
			showEnvVarsInLog = 0;
		};
/* End PBXShellScriptBuildPhase section */

/* Begin PBXSourcesBuildPhase section */
		412C358F1BEDEDE30042EE13 /* Sources */ = {
			isa = PBXSourcesBuildPhase;
			buildActionMask = 2147483647;
			files = (
				412C35B51BEDF41A0042EE13 /* ProvinceViewController.m in Sources */,
				418E4CC11BEF4198003409C9 /* WeatherViewController.m in Sources */,
				412C35A41BEDEDE30042EE13 /* Weather.xcdatamodeld in Sources */,
				412C359B1BEDEDE30042EE13 /* AppDelegate.m in Sources */,
				418E4CBB1BEF1C94003409C9 /* CityViewController.m in Sources */,
				418E4CBE1BEF2CB0003409C9 /* CountyViewController.m in Sources */,
				413E97FA1BEE3FF400C1456A /* BaseTableViewController.m in Sources */,
				412C35981BEDEDE30042EE13 /* main.m in Sources */,
			);
			runOnlyForDeploymentPostprocessing = 0;
		};
/* End PBXSourcesBuildPhase section */

/* Begin PBXVariantGroup section */
		412C359F1BEDEDE30042EE13 /* Main.storyboard */ = {
			isa = PBXVariantGroup;
			children = (
				412C35A01BEDEDE30042EE13 /* Base */,
			);
			name = Main.storyboard;
			sourceTree = "<group>";
		};
		412C35A71BEDEDE30042EE13 /* LaunchScreen.storyboard */ = {
			isa = PBXVariantGroup;
			children = (
				412C35A81BEDEDE30042EE13 /* Base */,
			);
			name = LaunchScreen.storyboard;
			sourceTree = "<group>";
		};
/* End PBXVariantGroup section */

/* Begin XCBuildConfiguration section */
		412C35AB1BEDEDE30042EE13 /* Debug */ = {
			isa = XCBuildConfiguration;
			buildSettings = {
				ALWAYS_SEARCH_USER_PATHS = NO;
				CLANG_CXX_LANGUAGE_STANDARD = "gnu++0x";
				CLANG_CXX_LIBRARY = "libc++";
				CLANG_ENABLE_MODULES = YES;
				CLANG_ENABLE_OBJC_ARC = YES;
				CLANG_WARN_BOOL_CONVERSION = YES;
				CLANG_WARN_CONSTANT_CONVERSION = YES;
				CLANG_WARN_DIRECT_OBJC_ISA_USAGE = YES_ERROR;
				CLANG_WARN_EMPTY_BODY = YES;
				CLANG_WARN_ENUM_CONVERSION = YES;
				CLANG_WARN_INT_CONVERSION = YES;
				CLANG_WARN_OBJC_ROOT_CLASS = YES_ERROR;
				CLANG_WARN_UNREACHABLE_CODE = YES;
				CLANG_WARN__DUPLICATE_METHOD_MATCH = YES;
				"CODE_SIGN_IDENTITY[sdk=iphoneos*]" = "iPhone Developer";
				COPY_PHASE_STRIP = NO;
				DEBUG_INFORMATION_FORMAT = dwarf;
				ENABLE_STRICT_OBJC_MSGSEND = YES;
				ENABLE_TESTABILITY = YES;
				GCC_C_LANGUAGE_STANDARD = gnu99;
				GCC_DYNAMIC_NO_PIC = NO;
				GCC_NO_COMMON_BLOCKS = YES;
				GCC_OPTIMIZATION_LEVEL = 0;
				GCC_PREPROCESSOR_DEFINITIONS = (
					"DEBUG=1",
					"$(inherited)",
				);
				GCC_WARN_64_TO_32_BIT_CONVERSION = YES;
				GCC_WARN_ABOUT_RETURN_TYPE = YES_ERROR;
				GCC_WARN_UNDECLARED_SELECTOR = YES;
				GCC_WARN_UNINITIALIZED_AUTOS = YES_AGGRESSIVE;
				GCC_WARN_UNUSED_FUNCTION = YES;
				GCC_WARN_UNUSED_VARIABLE = YES;
				IPHONEOS_DEPLOYMENT_TARGET = 9.1;
				MTL_ENABLE_DEBUG_INFO = YES;
				ONLY_ACTIVE_ARCH = YES;
				SDKROOT = iphoneos;
			};
			name = Debug;
		};
		412C35AC1BEDEDE30042EE13 /* Release */ = {
			isa = XCBuildConfiguration;
			buildSettings = {
				ALWAYS_SEARCH_USER_PATHS = NO;
				CLANG_CXX_LANGUAGE_STANDARD = "gnu++0x";
				CLANG_CXX_LIBRARY = "libc++";
				CLANG_ENABLE_MODULES = YES;
				CLANG_ENABLE_OBJC_ARC = YES;
				CLANG_WARN_BOOL_CONVERSION = YES;
				CLANG_WARN_CONSTANT_CONVERSION = YES;
				CLANG_WARN_DIRECT_OBJC_ISA_USAGE = YES_ERROR;
				CLANG_WARN_EMPTY_BODY = YES;
				CLANG_WARN_ENUM_CONVERSION = YES;
				CLANG_WARN_INT_CONVERSION = YES;
				CLANG_WARN_OBJC_ROOT_CLASS = YES_ERROR;
				CLANG_WARN_UNREACHABLE_CODE = YES;
				CLANG_WARN__DUPLICATE_METHOD_MATCH = YES;
				"CODE_SIGN_IDENTITY[sdk=iphoneos*]" = "iPhone Developer";
				COPY_PHASE_STRIP = NO;
				DEBUG_INFORMATION_FORMAT = "dwarf-with-dsym";
				ENABLE_NS_ASSERTIONS = NO;
				ENABLE_STRICT_OBJC_MSGSEND = YES;
				GCC_C_LANGUAGE_STANDARD = gnu99;
				GCC_NO_COMMON_BLOCKS = YES;
				GCC_WARN_64_TO_32_BIT_CONVERSION = YES;
				GCC_WARN_ABOUT_RETURN_TYPE = YES_ERROR;
				GCC_WARN_UNDECLARED_SELECTOR = YES;
				GCC_WARN_UNINITIALIZED_AUTOS = YES_AGGRESSIVE;
				GCC_WARN_UNUSED_FUNCTION = YES;
				GCC_WARN_UNUSED_VARIABLE = YES;
				IPHONEOS_DEPLOYMENT_TARGET = 9.1;
				MTL_ENABLE_DEBUG_INFO = NO;
				SDKROOT = iphoneos;
				VALIDATE_PRODUCT = YES;
			};
			name = Release;
		};
		412C35AE1BEDEDE30042EE13 /* Debug */ = {
			isa = XCBuildConfiguration;
			baseConfigurationReference = 22915E77D11A679871D1AAC4 /* Pods.debug.xcconfig */;
			buildSettings = {
				ASSETCATALOG_COMPILER_APPICON_NAME = AppIcon;
				ENABLE_BITCODE = NO;
				INFOPLIST_FILE = Weather/Info.plist;
				IPHONEOS_DEPLOYMENT_TARGET = 8.0;
				LD_RUNPATH_SEARCH_PATHS = "$(inherited) @executable_path/Frameworks";
				LIBRARY_SEARCH_PATHS = (
					"$(inherited)",
					"$(PROJECT_DIR)/Weather",
				);
				PRODUCT_BUNDLE_IDENTIFIER = com.qiu.Weather;
				PRODUCT_NAME = "天气2608";
				TARGETED_DEVICE_FAMILY = 1;
			};
			name = Debug;
		};
		412C35AF1BEDEDE30042EE13 /* Release */ = {
			isa = XCBuildConfiguration;
			baseConfigurationReference = ECD0D72DE5298A659914BB46 /* Pods.release.xcconfig */;
			buildSettings = {
				ASSETCATALOG_COMPILER_APPICON_NAME = AppIcon;
				ENABLE_BITCODE = NO;
				INFOPLIST_FILE = Weather/Info.plist;
				IPHONEOS_DEPLOYMENT_TARGET = 8.0;
				LD_RUNPATH_SEARCH_PATHS = "$(inherited) @executable_path/Frameworks";
				LIBRARY_SEARCH_PATHS = (
					"$(inherited)",
					"$(PROJECT_DIR)/Weather",
				);
				PRODUCT_BUNDLE_IDENTIFIER = com.qiu.Weather;
				PRODUCT_NAME = "天气2608";
				TARGETED_DEVICE_FAMILY = 1;
			};
			name = Release;
		};
/* End XCBuildConfiguration section */

/* Begin XCConfigurationList section */
		412C358E1BEDEDE30042EE13 /* Build configuration list for PBXProject "Weather" */ = {
			isa = XCConfigurationList;
			buildConfigurations = (
				412C35AB1BEDEDE30042EE13 /* Debug */,
				412C35AC1BEDEDE30042EE13 /* Release */,
			);
			defaultConfigurationIsVisible = 0;
			defaultConfigurationName = Release;
		};
		412C35AD1BEDEDE30042EE13 /* Build configuration list for PBXNativeTarget "Weather" */ = {
			isa = XCConfigurationList;
			buildConfigurations = (
				412C35AE1BEDEDE30042EE13 /* Debug */,
				412C35AF1BEDEDE30042EE13 /* Release */,
			);
			defaultConfigurationIsVisible = 0;
			defaultConfigurationName = Release;
		};
/* End XCConfigurationList section */

/* Begin XCVersionGroup section */
		412C35A21BEDEDE30042EE13 /* Weather.xcdatamodeld */ = {
			isa = XCVersionGroup;
			children = (
				412C35A31BEDEDE30042EE13 /* Weather.xcdatamodel */,
			);
			currentVersion = 412C35A31BEDEDE30042EE13 /* Weather.xcdatamodel */;
			path = Weather.xcdatamodeld;
			sourceTree = "<group>";
			versionGroupType = wrapper.xcdatamodel;
		};
/* End XCVersionGroup section */
	};
	rootObject = 412C358B1BEDEDE30042EE13 /* Project object */;
}
